{
  "name": "nina-hyperframes-test",
  "version": "1.0.0",
  "lockfileVersion": 3,
  "requires": true,
  "packages": {
    "": {
      "name": "nina-hyperframes-test",
      "version": "1.0.0",
      "dependencies": {
        "gsap": "3.15.0",
        "hyperframes": "0.8.96"
      }
    },
    "../../../mengao/experiments/hyperframes-v1/node_modules/@emnapi/runtime": {
      "version": "1.11.3",
      "extraneous": true,
      "license": "MIT",
      "dependencies": {
        "tslib": "^2.4.0"
      }
    },
    "../../../mengao/experiments/hyperframes-v1/node_modules/@esbuild/linux-x64": {
      "version": "0.25.12",
      "cpu": [
        "x64"
      ],
      "extraneous": true,
      "license": "MIT",
      "os": [
        "linux"
      ],
      "engines": {
        "node": ">=18"
      }
    },
    "../../../mengao/experiments/hyperframes-v1/node_modules/@hono/node-server": {
      "version": "2.1.3",
      "extraneous": true,
      "license": "MIT",
      "devDependencies": {
        "@hono/eslint-config": "^1.0.1",
        "@types/node": "^20.10.0",
        "@types/ws": "^8.18.1",
        "@whatwg-node/fetch": "^0.9.14",
        "eslint": "^9.10.0",
        "hono": "^4.13.9",
        "np": "^11.2.1",
        "prettier": "^3.2.4",
        "publint": "^0.3.18",
        "tsdown": "^0.20.3",
        "typescript": "^5.3.2",
        "vitest": "^4.0.18",
        "ws": "^8.19.0"
      },
      "engines": {
        "node": ">=20"
      },
      "peerDependencies": {
        "hono": "^4"
      }
    },
    "../../../mengao/experiments/hyperframes-v1/node_modules/@img/colour": {
      "version": "1.1.0",
      "extraneous": true,
      "license": "MIT",
      "devDependencies": {
        "color": "5.0.3",
        "color-convert": "3.1.3",
        "color-name": "2.1.0",
        "color-string": "2.1.4",
        "dts-bundle-generator": "^9.5.1",
        "esbuild": "^0.27.3"
      },
      "engines": {
        "node": ">=18"
      }
    },
    "../../../mengao/experiments/hyperframes-v1/node_modules/@img/sharp-libvips-linux-x64": {
      "version": "1.3.4",
      "cpu": [
        "x64"
      ],
      "extraneous": true,
      "license": "LGPL-3.0-or-later",
      "os": [
        "linux"
      ],
      "funding": {
        "url": "https://opencollective.com/libvips"
      }
    },
    "../../../mengao/experiments/hyperframes-v1/node_modules/@img/sharp-linux-x64": {
      "version": "0.35.5",
      "cpu": [
        "x64"
      ],
      "extraneous": true,
      "license": "Apache-2.0",
      "os": [
        "linux"
      ],
      "engines": {
        "node": ">=20.9.0"
      },
      "funding": {
        "url": "https://opencollective.com/libvips"
      },
      "optionalDependencies": {
        "@img/sharp-libvips-linux-x64": "1.3.4"
      }
    },
    "../../../mengao/experiments/hyperframes-v1/node_modules/@img/sharp-wasm32": {
      "version": "0.35.5",
      "extraneous": true,
      "license": "Apache-2.0 AND LGPL-3.0-or-later AND MIT",
      "dependencies": {
        "@emnapi/runtime": "^1.11.3"
      },
      "engines": {
        "node": ">=20.9.0"
      },
      "funding": {
        "url": "https://opencollective.com/libvips"
      }
    },
    "../../../mengao/experiments/hyperframes-v1/node_modules/@puppeteer/browsers": {
      "version": "3.2.3",
      "extraneous": true,
      "license": "Apache-2.0",
      "dependencies": {
        "modern-tar": "^0.8.4",
        "yargs": "^18.0.0"
      },
      "bin": {
        "browsers": "lib/main-cli.js"
      },
      "devDependencies": {
        "@types/yargs": "17.0.35",
        "@types/yauzl": "3.4.0",
        "proxy-agent": ">=8.0.1",
        "yauzl": "^2.10.0 || ^3.4.0"
      },
      "engines": {
        "node": ">=22.12.0"
      },
      "peerDependencies": {
        "proxy-agent": ">=8.0.1",
        "yauzl": "^2.10.0 || ^3.4.0"
      },
      "peerDependenciesMeta": {
        "proxy-agent": {
          "optional": true
        },
        "yauzl": {
          "optional": true
        }
      }
    },
    "../../../mengao/experiments/hyperframes-v1/node_modules/@swc/helpers": {
      "version": "0.5.23",
      "extraneous": true,
      "license": "Apache-2.0",
      "dependencies": {
        "tslib": "^2.8.0"
      },
      "devDependencies": {
        "@ast-grep/napi": "^0.40.3",
        "dprint": "^0.35.3",
        "zx": "^7.2.1"
      }
    },
    "../../../mengao/experiments/hyperframes-v1/node_modules/adm-zip": {
      "version": "0.6.1",
      "extraneous": true,
      "license": "MIT",
      "devDependencies": {
        "chai": "^6.2.2",
        "iconv-lite": "^0.7.2",
        "mocha": "^12.0.0",
        "prettier": "^3.8.1",
        "rimraf": "^3.0.2"
      },
      "engines": {
        "node": ">=14.0"
      }
    },
    "../../../mengao/experiments/hyperframes-v1/node_modules/ansi-regex": {
      "version": "6.4.0",
      "extraneous": true,
      "license": "MIT",
      "devDependencies": {
        "ansi-escapes": "^5.0.0",
        "ava": "^3.15.0",
        "tsd": "^0.21.0",
        "xo": "^0.54.2"
      },
      "engines": {
        "node": ">=12"
      },
      "funding": {
        "url": "https://github.com/chalk/ansi-regex?sponsor=1"
      }
    },
    "../../../mengao/experiments/hyperframes-v1/node_modules/ansi-styles": {
      "version": "6.2.3",
      "extraneous": true,
      "license": "MIT",
      "devDependencies": {
        "ava": "^6.1.3",
        "svg-term-cli": "^2.1.1",
        "tsd": "^0.31.1",
        "xo": "^0.58.0"
      },
      "engines": {
        "node": ">=12"
      },
      "funding": {
        "url": "https://github.com/chalk/ansi-styles?sponsor=1"
      }
    },
    "../../../mengao/experiments/hyperframes-v1/node_modules/base64-js": {
      "version": "1.5.1",
      "extraneous": true,
      "funding": [
        {
          "type": "github",
          "url": "https://github.com/sponsors/feross"
        },
        {
          "type": "patreon",
          "url": "https://www.patreon.com/feross"
        },
        {
          "type": "consulting",
          "url": "https://feross.org/support"
        }
      ],
      "license": "MIT",
      "devDependencies": {
        "babel-minify": "^0.5.1",
        "benchmark": "^2.1.4",
        "browserify": "^16.3.0",
        "standard": "*",
        "tape": "4.x"
      }
    },
    "../../../mengao/experiments/hyperframes-v1/node_modules/brotli": {
      "version": "1.3.3",
      "extraneous": true,
      "license": "MIT",
      "dependencies": {
        "base64-js": "^1.1.2"
      },
      "devDependencies": {
        "mocha": "^2.2.1"
      }
    },
    "../../../mengao/experiments/hyperframes-v1/node_modules/bundle-name": {
      "version": "4.1.1",
      "extraneous": true,
      "license": "MIT",
      "dependencies": {
        "run-applescript": "^7.0.0"
      },
      "devDependencies": {
        "ava": "^6.0.1",
        "xo": "^0.56.0"
      },
      "engines": {
        "node": ">=18"
      },
      "funding": {
        "url": "https://github.com/sponsors/sindresorhus"
      }
    },
    "../../../mengao/experiments/hyperframes-v1/node_modules/chromium-bidi": {
      "version": "17.0.2",
      "extraneous": true,
      "license": "Apache-2.0",
      "dependencies": {
        "mitt": "^3.0.1",
        "zod": "^3.24.1"
      },
      "devDependencies": {
        "@actions/core": "3.0.1",
        "@eslint/js": "10.0.1",
        "@puppeteer/browsers": "3.0.5",
        "@rollup/plugin-node-resolve": "16.0.3",
        "@rollup/wasm-node": "4.62.2",
        "@types/chai": "5.2.3",
        "@types/node": "20.19.43",
        "@types/sinon": "21.0.1",
        "@types/websocket": "1.0.10",
        "chai": "6.2.2",
        "devtools-protocol": "0.0.1655900",
        "eslint": "10.5.0",
        "eslint-config-prettier": "10.1.8",
        "eslint-import-resolver-typescript": "4.4.5",
        "eslint-plugin-import": "2.32.0",
        "eslint-plugin-prettier": "5.5.6",
        "eslint-plugin-promise": "7.3.0",
        "globals": "17.7.0",
        "prettier": "3.8.4",
        "rollup": "4.62.2",
        "rollup-plugin-cleanup": "3.2.1",
        "rollup-plugin-license": "3.7.1",
        "semver": "7.8.5",
        "sinon": "22.0.0",
        "typescript": "6.0.3",
        "typescript-eslint": "8.62.0",
        "websocket": "1.0.35"
      },
      "engines": {
        "node": ">=20.19.0 <22.0.0 || >=22.12.0"
      },
      "peerDependencies": {
        "devtools-protocol": "*"
      }
    },
    "../../../mengao/experiments/hyperframes-v1/node_modules/citty": {
      "version": "0.2.2",
      "extraneous": true,
      "license": "MIT",
      "devDependencies": {
        "@types/node": "^25.5.0",
        "@typescript/native-preview": "^7.0.0-dev.20260401.1",
        "@vitest/coverage-v8": "^4.1.2",
        "automd": "^0.4.3",
        "changelogen": "^0.6.2",
        "eslint-config-unjs": "^0.6.2",
        "obuild": "^0.4.32",
        "oxfmt": "^0.43.0",
        "oxlint": "^1.58.0",
        "scule": "^1.3.0",
        "typescript": "^6.0.2",
        "vitest": "^4.1.2"
      }
    },
    "../../../mengao/experiments/hyperframes-v1/node_modules/cliui": {
      "version": "9.0.1",
      "extraneous": true,
      "license": "ISC",
      "dependencies": {
        "string-width": "^7.2.0",
        "strip-ansi": "^7.1.0",
        "wrap-ansi": "^9.0.0"
      },
      "devDependencies": {
        "@types/node": "^22.13.10",
        "@typescript-eslint/eslint-plugin": "^4.0.0",
        "@typescript-eslint/parser": "^4.0.0",
        "c8": "^10.1.3",
        "chai": "^5.2.0",
        "chalk": "^5.4.1",
        "cross-env": "^7.0.2",
        "eslint": "^7.6.0",
        "eslint-plugin-import": "^2.22.0",
        "eslint-plugin-n": "^14.0.0",
        "gts": "^6.0.2",
        "mocha": "^11.1.0",
        "rimraf": "^6.0.1",
        "standardx": "^7.0.0",
        "typescript": "^5.8.2"
      },
      "engines": {
        "node": ">=20"
      }
    },
    "../../../mengao/experiments/hyperframes-v1/node_modules/clone": {
      "version": "2.1.2",
      "extraneous": true,
      "license": "MIT",
      "devDependencies": {
        "nodeunit": "~0.9.0"
      },
      "engines": {
        "node": ">=0.8"
      }
    },
    "../../../mengao/experiments/hyperframes-v1/node_modules/compare-versions": {
      "version": "6.1.1",
      "extraneous": true,
      "license": "MIT",
      "devDependencies": {
        "@types/mocha": "^10.0.7",
        "c8": "^10.1.2",
        "mocha": "^10.6.0",
        "rollup": "^4.18.1",
        "ts-node": "^10.9.2",
        "typescript": "^5.5.3"
      }
    },
    "../../../mengao/experiments/hyperframes-v1/node_modules/css-tree": {
      "version": "3.2.1",
      "extraneous": true,
      "license": "MIT",
      "dependencies": {
        "mdn-data": "2.27.1",
        "source-map-js": "^1.2.1"
      },
      "devDependencies": {
        "c8": "^11.0.0",
        "clap": "^2.0.1",
        "esbuild": "^0.27.3",
        "eslint": "^8.50.0",
        "json-to-ast": "^2.1.0",
        "mocha": "^9.2.2",
        "rollup": "^2.80.0"
      },
      "engines": {
        "node": "^10 || ^12.20.0 || ^14.13.0 || >=15.0.0"
      }
    },
    "../../../mengao/experiments/hyperframes-v1/node_modules/debug": {
      "version": "4.4.3",
      "extraneous": true,
      "license": "MIT",
      "dependencies": {
        "ms": "^2.1.3"
      },
      "devDependencies": {
        "brfs": "^2.0.1",
        "browserify": "^16.2.3",
        "coveralls": "^3.0.2",
        "karma": "^3.1.4",
        "karma-browserify": "^6.0.0",
        "karma-chrome-launcher": "^2.2.0",
        "karma-mocha": "^1.3.0",
        "mocha": "^5.2.0",
        "mocha-lcov-reporter": "^1.2.0",
        "sinon": "^14.0.0",
        "xo": "^0.23.0"
      },
      "engines": {
        "node": ">=6.0"
      },
      "peerDependenciesMeta": {
        "supports-color": {
          "optional": true
        }
      }
    },
    "../../../mengao/experiments/hyperframes-v1/node_modules/default-browser": {
      "version": "5.5.1",
      "extraneous": true,
      "license": "MIT",
      "dependencies": {
        "bundle-name": "^4.1.0",
        "default-browser-id": "^5.0.0"
      },
      "devDependencies": {
        "ava": "^6.0.1",
        "tsd": "^0.30.0",
        "xo": "^0.56.0"
      },
      "engines": {
        "node": ">=18"
      },
      "funding": {
        "url": "https://github.com/sponsors/sindresorhus"
      }
    },
    "../../../mengao/experiments/hyperframes-v1/node_modules/default-browser-id": {
      "version": "5.0.1",
      "extraneous": true,
      "license": "MIT",
      "devDependencies": {
        "ava": "^6.0.1",
        "xo": "^0.56.0"
      },
      "engines": {
        "node": ">=18"
      },
      "funding": {
        "url": "https://github.com/sponsors/sindresorhus"
      }
    },
    "../../../mengao/experiments/hyperframes-v1/node_modules/define-lazy-prop": {
      "version": "3.0.0",
      "extraneous": true,
      "license": "MIT",
      "devDependencies": {
        "ava": "^3.15.0",
        "tsd": "^0.14.0",
        "xo": "^0.38.2"
      },
      "engines": {
        "node": ">=12"
      },
      "funding": {
        "url": "https://github.com/sponsors/sindresorhus"
      }
    },
    "../../../mengao/experiments/hyperframes-v1/node_modules/detect-libc": {
      "version": "2.1.2",
      "extraneous": true,
      "license": "Apache-2.0",
      "devDependencies": {
        "ava": "^2.4.0",
        "benchmark": "^2.1.4",
        "conventional-changelog-cli": "^5.0.0",
        "eslint-config-standard": "^13.0.1",
        "nyc": "^15.1.0",
        "proxyquire": "^2.1.3",
        "semistandard": "^14.2.3"
      },
      "engines": {
        "node": ">=8"
      }
    },
    "../../../mengao/experiments/hyperframes-v1/node_modules/devtools-protocol": {
      "version": "0.0.1687809",
      "extraneous": true,
      "license": "BSD-3-Clause"
    },
    "../../../mengao/experiments/hyperframes-v1/node_modules/dfa": {
      "version": "1.2.0",
      "extraneous": true,
      "license": "MIT",
      "devDependencies": {
        "@babel/core": "^7.0.0",
        "@babel/preset-env": "^7.0.0",
        "@babel/register": "^7.0.0",
        "mocha": "^3.1.0",
        "pegjs": "^0.10.0",
        "rollup": "^1.5.0",
        "rollup-plugin-babel": "^4.0.1",
        "rollup-plugin-commonjs": "^9.2.1",
        "rollup-plugin-local-resolve": "^1.0.7"
      }
    },
    "../../../mengao/experiments/hyperframes-v1/node_modules/emoji-regex": {
      "version": "10.6.0",
      "extraneous": true,
      "license": "MIT",
      "devDependencies": {
        "@unicode/unicode-17.0.0": "^1.6.10",
        "emoji-test-regex-pattern": "^2.4.0",
        "mocha": "^11.7.2"
      }
    },
    "../../../mengao/experiments/hyperframes-v1/node_modules/esbuild": {
      "version": "0.25.12",
      "extraneous": true,
      "hasInstallScript": true,
      "license": "MIT",
      "bin": {
        "esbuild": "bin/esbuild"
      },
      "engines": {
        "node": ">=18"
      },
      "optionalDependencies": {
        "@esbuild/aix-ppc64": "0.25.12",
        "@esbuild/android-arm": "0.25.12",
        "@esbuild/android-arm64": "0.25.12",
        "@esbuild/android-x64": "0.25.12",
        "@esbuild/darwin-arm64": "0.25.12",
        "@esbuild/darwin-x64": "0.25.12",
        "@esbuild/freebsd-arm64": "0.25.12",
        "@esbuild/freebsd-x64": "0.25.12",
        "@esbuild/linux-arm": "0.25.12",
        "@esbuild/linux-arm64": "0.25.12",
        "@esbuild/linux-ia32": "0.25.12",
        "@esbuild/linux-loong64": "0.25.12",
        "@esbuild/linux-mips64el": "0.25.12",
        "@esbuild/linux-ppc64": "0.25.12",
        "@esbuild/linux-riscv64": "0.25.12",
        "@esbuild/linux-s390x": "0.25.12",
        "@esbuild/linux-x64": "0.25.12",
        "@esbuild/netbsd-arm64": "0.25.12",
        "@esbuild/netbsd-x64": "0.25.12",
        "@esbuild/openbsd-arm64": "0.25.12",
        "@esbuild/openbsd-x64": "0.25.12",
        "@esbuild/openharmony-arm64": "0.25.12",
        "@esbuild/sunos-x64": "0.25.12",
        "@esbuild/win32-arm64": "0.25.12",
        "@esbuild/win32-ia32": "0.25.12",
        "@esbuild/win32-x64": "0.25.12"
      }
    },
    "../../../mengao/experiments/hyperframes-v1/node_modules/escalade": {
      "version": "3.2.0",
      "extraneous": true,
      "license": "MIT",
      "devDependencies": {
        "bundt": "1.1.1",
        "esm": "3.2.25",
        "uvu": "0.3.3"
      },
      "engines": {
        "node": ">=6"
      }
    },
    "../../../mengao/experiments/hyperframes-v1/node_modules/fast-deep-equal": {
      "version": "3.1.3",
      "extraneous": true,
      "license": "MIT",
      "devDependencies": {
        "coveralls": "^3.1.0",
        "dot": "^1.1.2",
        "eslint": "^7.2.0",
        "mocha": "^7.2.0",
        "nyc": "^15.1.0",
        "pre-commit": "^1.2.2",
        "react": "^16.12.0",
        "react-test-renderer": "^16.12.0",
        "sinon": "^9.0.2",
        "typescript": "^3.9.5"
      }
    },
    "../../../mengao/experiments/hyperframes-v1/node_modules/fontkit": {
      "version": "2.0.4",
      "extraneous": true,
      "license": "MIT",
      "dependencies": {
        "@swc/helpers": "^0.5.12",
        "brotli": "^1.3.2",
        "clone": "^2.1.2",
        "dfa": "^1.2.0",
        "fast-deep-equal": "^3.1.3",
        "restructure": "^3.0.0",
        "tiny-inflate": "^1.0.3",
        "unicode-properties": "^1.4.0",
        "unicode-trie": "^2.0.0"
      },
      "devDependencies": {
        "c8": "^7.11.3",
        "codepoints": "^1.2.0",
        "concat-stream": "^2.0.0",
        "mocha": "^10.0.0",
        "npm-run-all": "^4.1.5",
        "parcel": "2.0.0-canary.1713",
        "shx": "^0.3.4"
      }
    },
    "../../../mengao/experiments/hyperframes-v1/node_modules/get-caller-file": {
      "version": "2.0.5",
      "extraneous": true,
      "license": "ISC",
      "devDependencies": {
        "@types/chai": "^4.1.7",
        "@types/ensure-posix-path": "^1.0.0",
        "@types/mocha": "^5.2.6",
        "@types/node": "^11.10.5",
        "chai": "^4.1.2",
        "ensure-posix-path": "^1.0.1",
        "mocha": "^5.2.0",
        "typescript": "^3.3.3333"
      },
      "engines": {
        "node": "6.* || 8.* || >= 10.*"
      }
    },
    "../../../mengao/experiments/hyperframes-v1/node_modules/get-east-asian-width": {
      "version": "1.7.0",
      "extraneous": true,
      "license": "MIT",
      "devDependencies": {
        "ava": "^5.3.1",
        "outdent": "^0.8.0",
        "simplify-ranges": "^0.1.0",
        "typescript": "^5.2.2",
        "xo": "^0.56.0"
      },
      "engines": {
        "node": ">=18"
      },
      "funding": {
        "url": "https://github.com/sponsors/sindresorhus"
      }
    },
    "../../../mengao/experiments/hyperframes-v1/node_modules/giget": {
      "version": "3.3.1",
      "extraneous": true,
      "license": "MIT",
      "bin": {
        "giget": "dist/cli.mjs"
      },
      "devDependencies": {
        "@types/node": "^26.1.1",
        "@vitest/coverage-v8": "^4.1.10",
        "changelogen": "^0.6.2",
        "citty": "^0.2.2",
        "eslint-config-unjs": "^0.6.2",
        "nypm": "^0.6.8",
        "obuild": "^0.4.38",
        "oxfmt": ">=0.54.0",
        "oxlint": "^1.75.0",
        "pathe": "^2.0.3",
        "rolldown": "^1.2.0",
        "tar": "^7.5.21",
        "typescript": "^7",
        "vitest": "^4.1.10"
      }
    },
    "../../../mengao/experiments/hyperframes-v1/node_modules/gsap": {
      "version": "3.15.0",
      "license": "Standard 'no charge' license: https://gsap.com/standard-license."
    },
    "../../../mengao/experiments/hyperframes-v1/node_modules/hono": {
      "version": "4.13.12",
      "extraneous": true,
      "license": "MIT",
      "devDependencies": {
        "@hono/node-server": "^2.0.12",
        "@types/jsdom": "^21.1.7",
        "@types/node": "^24.3.0",
        "@types/ws": "^8.18.1",
        "@typescript/native-preview": "7.0.0-dev.20260210.1",
        "@vitest/coverage-v8": "5.0.1",
        "bun-types": "^1.2.20",
        "editorconfig-checker": "6.2.0",
        "esbuild": "^0.27.1",
        "jsdom": "22.1.0",
        "msw": "^2.6.0",
        "np": "11.2.1",
        "pkg-pr-new": "^0.0.53",
        "publint": "0.3.15",
        "rolldown": "^1.2.10",
        "typescript": "^6.0.3",
        "vite-plugin-fastly-js-compute": "^0.4.2",
        "vite-plus": "1.0.0",
        "vitest": "5.0.1",
        "wrangler": "4.107.0",
        "ws": "^8.21.0",
        "zod": "^3.23.8"
      },
      "engines": {
        "node": ">=16.9.0"
      }
    },
    "../../../mengao/experiments/hyperframes-v1/node_modules/hyperframes": {
      "version": "0.8.96",
      "license": "Apache-2.0",
      "dependencies": {
        "@hono/node-server": "^2.0.5",
        "@puppeteer/browsers": "^3.2.2",
        "adm-zip": "^0.6.0",
        "citty": "^0.2.1",
        "compare-versions": "^6.1.1",
        "css-tree": "^3.2.1",
        "debug": "^4.4.0",
        "esbuild": "^0.25.12",
        "fontkit": "^2.0.4",
        "giget": "^3.2.0",
        "hono": "^4.0.0",
        "ignore": "^5.3.2",
        "open": "^10.0.0",
        "postcss": "^8.5.8",
        "prettier": "^3.8.1",
        "puppeteer-core": "^25.10.0",
        "sharp": "^0.35.0"
      },
      "bin": {
        "hyperframes": "bin/hyperframes.mjs",
        "hyperframes-localize-fonts": "bin/hyperframes-localize-fonts.mjs"
      },
      "devDependencies": {
        "@clack/prompts": "^1.1.0",
        "@google/genai": "1.52.0",
        "@hyperframes/aws-lambda": "workspace:*",
        "@hyperframes/core": "workspace:*",
        "@hyperframes/engine": "workspace:*",
        "@hyperframes/gcp-cloud-run": "workspace:*",
        "@hyperframes/lint": "workspace:*",
        "@hyperframes/parsers": "workspace:*",
        "@hyperframes/producer": "workspace:*",
        "@hyperframes/studio": "workspace:*",
        "@hyperframes/studio-server": "workspace:*",
        "@types/css-tree": "^3.2.0",
        "@types/fontkit": "^2.0.9",
        "@types/mime-types": "^3.0.1",
        "@types/node": "^25.0.10",
        "ajv": "^8.20.0",
        "linkedom": "^0.18.12",
        "onnxruntime-node": "1.21.1",
        "picocolors": "^1.1.1",
        "tsup": "^8.0.0",
        "tsx": "^4.0.0",
        "typescript": "^5.0.0",
        "vitest": "^4.1.11"
      },
      "engines": {
        "node": ">=22"
      }
    },
    "../../../mengao/experiments/hyperframes-v1/node_modules/ignore": {
      "version": "5.3.2",
      "extraneous": true,
      "license": "MIT",
      "devDependencies": {
        "@babel/cli": "^7.22.9",
        "@babel/core": "^7.22.9",
        "@babel/preset-env": "^7.22.9",
        "codecov": "^3.8.2",
        "debug": "^4.3.4",
        "eslint": "^8.46.0",
        "eslint-config-ostai": "^3.0.0",
        "eslint-plugin-import": "^2.28.0",
        "mkdirp": "^3.0.1",
        "pre-suf": "^1.1.1",
        "rimraf": "^6.0.1",
        "spawn-sync": "^2.0.0",
        "tap": "^16.3.9",
        "tmp": "0.2.3",
        "typescript": "^5.1.6"
      },
      "engines": {
        "node": ">= 4"
      }
    },
    "../../../mengao/experiments/hyperframes-v1/node_modules/is-docker": {
      "version": "3.0.0",
      "extraneous": true,
      "license": "MIT",
      "bin": {
        "is-docker": "cli.js"
      },
      "devDependencies": {
        "ava": "^3.15.0",
        "sinon": "^11.1.2",
        "tsd": "^0.17.0",
        "xo": "^0.44.0"
      },
      "engines": {
        "node": "^12.20.0 || ^14.13.1 || >=16.0.0"
      },
      "funding": {
        "url": "https://github.com/sponsors/sindresorhus"
      }
    },
    "../../../mengao/experiments/hyperframes-v1/node_modules/is-inside-container": {
      "version": "1.0.0",
      "extraneous": true,
      "license": "MIT",
      "dependencies": {
        "is-docker": "^3.0.0"
      },
      "bin": {
        "is-inside-container": "cli.js"
      },
      "devDependencies": {
        "ava": "^5.2.0",
        "esmock": "^2.1.0",
        "tsd": "^0.25.0",
        "xo": "^0.53.1"
      },
      "engines": {
        "node": ">=14.16"
      },
      "funding": {
        "url": "https://github.com/sponsors/sindresorhus"
      }
    },
    "../../../mengao/experiments/hyperframes-v1/node_modules/is-wsl": {
      "version": "3.1.1",
      "extraneous": true,
      "license": "MIT",
      "dependencies": {
        "is-inside-container": "^1.0.0"
      },
      "devDependencies": {
        "ava": "^5.3.1",
        "esmock": "^2.3.6",
        "tsd": "^0.28.1",
        "xo": "^0.55.1"
      },
      "engines": {
        "node": ">=16"
      },
      "funding": {
        "url": "https://github.com/sponsors/sindresorhus"
      }
    },
    "../../../mengao/experiments/hyperframes-v1/node_modules/mdn-data": {
      "version": "2.27.1",
      "extraneous": true,
      "license": "CC0-1.0",
      "devDependencies": {
        "ajv": "^7.2.4",
        "better-ajv-errors": "^2.0.2"
      }
    },
    "../../../mengao/experiments/hyperframes-v1/node_modules/mitt": {
      "version": "3.0.1",
      "extraneous": true,
      "license": "MIT",
      "devDependencies": {
        "@types/chai": "^4.2.11",
        "@types/mocha": "^7.0.2",
        "@types/sinon": "^9.0.4",
        "@types/sinon-chai": "^3.2.4",
        "@typescript-eslint/eslint-plugin": "^5.61.0",
        "@typescript-eslint/parser": "^5.61.0",
        "chai": "^4.2.0",
        "documentation": "^14.0.2",
        "eslint": "^7.32.0",
        "eslint-config-developit": "^1.2.0",
        "eslint-plugin-compat": "^4.1.4",
        "esm": "^3.2.25",
        "microbundle": "^0.12.3",
        "mocha": "^8.0.1",
        "npm-run-all": "^4.1.5",
        "prettier": "^2.8.8",
        "rimraf": "^3.0.2",
        "sinon": "^9.0.2",
        "sinon-chai": "^3.5.0",
        "ts-node": "^10.9.1",
        "typescript": "^4.9.5"
      }
    },
    "../../../mengao/experiments/hyperframes-v1/node_modules/modern-tar": {
      "version": "0.8.5",
      "extraneous": true,
      "license": "MIT",
      "devDependencies": {
        "@arethetypeswrong/cli": "0.18.5",
        "@biomejs/biome": "2.5.6",
        "@hegeldev/hegel": "0.4.3",
        "@types/node": "26.1.2",
        "@vitest/browser-playwright": "4.1.10",
        "@vitest/coverage-v8": "4.1.10",
        "miniflare": "4.20260730.0",
        "playwright": "1.62.1",
        "publint": "0.3.22",
        "tsdown": "0.22.14",
        "typescript": "7.0.2",
        "vitest": "4.1.10"
      },
      "engines": {
        "node": ">=18.0.0"
      }
    },
    "../../../mengao/experiments/hyperframes-v1/node_modules/ms": {
      "version": "2.1.3",
      "extraneous": true,
      "license": "MIT",
      "devDependencies": {
        "eslint": "4.18.2",
        "expect.js": "0.3.1",
        "husky": "0.14.3",
        "lint-staged": "5.0.0",
        "mocha": "4.0.1",
        "prettier": "2.0.5"
      }
    },
    "../../../mengao/experiments/hyperframes-v1/node_modules/nanoid": {
      "version": "3.3.19",
      "extraneous": true,
      "funding": [
        {
          "type": "github",
          "url": "https://github.com/sponsors/ai"
        }
      ],
      "license": "MIT",
      "bin": {
        "nanoid": "bin/nanoid.cjs"
      },
      "engines": {
        "node": "^10 || ^12 || ^13.7 || ^14 || >=15.0.1"
      }
    },
    "../../../mengao/experiments/hyperframes-v1/node_modules/open": {
      "version": "10.2.0",
      "extraneous": true,
      "license": "MIT",
      "dependencies": {
        "default-browser": "^5.2.1",
        "define-lazy-prop": "^3.0.0",
        "is-inside-container": "^1.0.0",
        "wsl-utils": "^0.1.0"
      },
      "devDependencies": {
        "@types/node": "^20.10.5",
        "ava": "^6.4.0",
        "tsd": "^0.32.0",
        "xo": "^1.1.1"
      },
      "engines": {
        "node": ">=18"
      },
      "funding": {
        "url": "https://github.com/sponsors/sindresorhus"
      }
    },
    "../../../mengao/experiments/hyperframes-v1/node_modules/pako": {
      "version": "0.2.9",
      "extraneous": true,
      "license": "MIT",
      "devDependencies": {
        "ansi": "*",
        "async": "*",
        "benchmark": "*",
        "browserify": "*",
        "eslint": "^2.1.0",
        "eslint-plugin-nodeca": "~1.0.3",
        "grunt": "~0.4.4",
        "grunt-cli": "~0.1.13",
        "grunt-contrib-connect": "~0.9.0",
        "grunt-saucelabs": "~8.6.0",
        "istanbul": "*",
        "lodash": "*",
        "mocha": "1.21.5",
        "ndoc": "*",
        "uglify-js": "*"
      }
    },
    "../../../mengao/experiments/hyperframes-v1/node_modules/picocolors": {
      "version": "1.1.1",
      "extraneous": true,
      "license": "ISC"
    },
    "../../../mengao/experiments/hyperframes-v1/node_modules/postcss": {
      "version": "8.5.28",
      "extraneous": true,
      "funding": [
        {
          "type": "opencollective",
          "url": "https://opencollective.com/postcss/"
        },
        {
          "type": "tidelift",
          "url": "https://tidelift.com/funding/github/npm/postcss"
        },
        {
          "type": "github",
          "url": "https://github.com/sponsors/ai"
        }
      ],
      "license": "MIT",
      "dependencies": {
        "nanoid": "^3.3.18",
        "picocolors": "^1.1.1",
        "source-map-js": "^1.2.1"
      },
      "engines": {
        "node": "^10 || ^12 || >=14"
      }
    },
    "../../../mengao/experiments/hyperframes-v1/node_modules/prettier": {
      "version": "3.9.9",
      "extraneous": true,
      "license": "MIT",
      "bin": {
        "prettier": "bin/prettier.cjs"
      },
      "engines": {
        "node": ">=14"
      },
      "funding": {
        "url": "https://github.com/prettier/prettier?sponsor=1"
      }
    },
    "../../../mengao/experiments/hyperframes-v1/node_modules/puppeteer-core": {
      "version": "25.12.0",
      "extraneous": true,
      "license": "Apache-2.0",
      "dependencies": {
        "@puppeteer/browsers": "3.2.3",
        "chromium-bidi": "17.0.2",
        "devtools-protocol": "0.0.1687809",
        "typed-query-selector": "^2.12.2",
        "webdriver-bidi-protocol": "0.4.3",
        "ws": "^8.21.3"
      },
      "devDependencies": {
        "@types/chrome": "0.2.9",
        "@types/node": "^18.17.15",
        "@types/ws": "8.18.1",
        "mitt": "3.0.1",
        "parsel-js": "1.2.3",
        "rxjs": "^7.8.2",
        "urlpattern-polyfill": "10.1.0"
      },
      "engines": {
        "node": ">=22.12.0"
      }
    },
    "../../../mengao/experiments/hyperframes-v1/node_modules/restructure": {
      "version": "3.0.2",
      "extraneous": true,
      "license": "MIT",
      "devDependencies": {
        "mocha": "^10.0.0",
        "parcel": "^2.6.1"
      }
    },
    "../../../mengao/experiments/hyperframes-v1/node_modules/run-applescript": {
      "version": "7.1.0",
      "extraneous": true,
      "license": "MIT",
      "devDependencies": {
        "ava": "^6.0.1",
        "tsd": "^0.30.0",
        "xo": "^0.56.0"
      },
      "engines": {
        "node": ">=18"
      },
      "funding": {
        "url": "https://github.com/sponsors/sindresorhus"
      }
    },
    "../../../mengao/experiments/hyperframes-v1/node_modules/semver": {
      "version": "7.8.5",
      "extraneous": true,
      "license": "ISC",
      "bin": {
        "semver": "bin/semver.js"
      },
      "devDependencies": {
        "@npmcli/eslint-config": "^7.0.0",
        "@npmcli/template-oss": "5.0.0",
        "benchmark": "^2.1.4",
        "tap": "^16.0.0"
      },
      "engines": {
        "node": ">=10"
      }
    },
    "../../../mengao/experiments/hyperframes-v1/node_modules/sharp": {
      "version": "0.35.5",
      "extraneous": true,
      "license": "Apache-2.0",
      "dependencies": {
        "@img/colour": "^1.1.0",
        "detect-libc": "^2.1.2",
        "semver": "^7.8.5"
      },
      "devDependencies": {
        "@biomejs/biome": "^2.5.14",
        "@cpplint/cli": "^0.1.0",
        "@emnapi/runtime": "^1.11.3",
        "@img/sharp-libvips-dev": "1.3.4",
        "@img/sharp-libvips-dev-wasm32": "1.3.4",
        "@img/sharp-libvips-win32-arm64": "1.3.4",
        "@img/sharp-libvips-win32-ia32": "1.3.4",
        "@img/sharp-libvips-win32-x64": "1.3.4",
        "@types/node": "*",
        "emnapi": "^1.11.3",
        "exif-reader": "^2.0.3",
        "icc": "^4.0.0",
        "node-addon-api": "^8.9.2",
        "node-gyp": "^12.4.0",
        "publint": "^0.3.24",
        "tar-fs": "^3.1.3",
        "tsd": "^0.33.0",
        "yauzl": "^3.4.0"
      },
      "engines": {
        "node": ">=20.9.0"
      },
      "funding": {
        "url": "https://opencollective.com/libvips"
      },
      "optionalDependencies": {
        "@img/sharp-darwin-arm64": "0.35.5",
        "@img/sharp-darwin-x64": "0.35.5",
        "@img/sharp-freebsd-wasm32": "0.35.5",
        "@img/sharp-libvips-darwin-arm64": "1.3.4",
        "@img/sharp-libvips-darwin-x64": "1.3.4",
        "@img/sharp-libvips-linux-arm": "1.3.4",
        "@img/sharp-libvips-linux-arm64": "1.3.4",
        "@img/sharp-libvips-linux-ppc64": "1.3.4",
        "@img/sharp-libvips-linux-riscv64": "1.3.4",
        "@img/sharp-libvips-linux-s390x": "1.3.4",
        "@img/sharp-libvips-linux-x64": "1.3.4",
        "@img/sharp-libvips-linuxmusl-arm64": "1.3.4",
        "@img/sharp-libvips-linuxmusl-x64": "1.3.4",
        "@img/sharp-linux-arm": "0.35.5",
        "@img/sharp-linux-arm64": "0.35.5",
        "@img/sharp-linux-ppc64": "0.35.5",
        "@img/sharp-linux-riscv64": "0.35.5",
        "@img/sharp-linux-s390x": "0.35.5",
        "@img/sharp-linux-x64": "0.35.5",
        "@img/sharp-linuxmusl-arm64": "0.35.5",
        "@img/sharp-linuxmusl-x64": "0.35.5",
        "@img/sharp-webcontainers-wasm32": "0.35.5",
        "@img/sharp-win32-arm64": "0.35.5",
        "@img/sharp-win32-ia32": "0.35.5",
        "@img/sharp-win32-x64": "0.35.5"
      },
      "peerDependenciesMeta": {
        "@types/node": {
          "optional": true
        }
      }
    },
    "../../../mengao/experiments/hyperframes-v1/node_modules/source-map-js": {
      "version": "1.2.1",
      "extraneous": true,
      "license": "BSD-3-Clause",
      "devDependencies": {
        "clean-publish": "^3.1.0",
        "doctoc": "^0.15.0",
        "webpack": "^1.12.0"
      },
      "engines": {
        "node": ">=0.10.0"
      }
    },
    "../../../mengao/experiments/hyperframes-v1/node_modules/string-width": {
      "version": "8.3.0",
      "extraneous": true,
      "license": "MIT",
      "dependencies": {
        "get-east-asian-width": "^1.5.0",
        "strip-ansi": "^7.1.2"
      },
      "devDependencies": {
        "ava": "^6.4.1",
        "tsd": "^0.33.0",
        "xo": "^1.2.3"
      },
      "engines": {
        "node": ">=20"
      },
      "funding": {
        "url": "https://github.com/sponsors/sindresorhus"
      }
    },
    "../../../mengao/experiments/hyperframes-v1/node_modules/strip-ansi": {
      "version": "7.2.0",
      "extraneous": true,
      "license": "MIT",
      "dependencies": {
        "ansi-regex": "^6.2.2"
      },
      "devDependencies": {
        "ava": "^6.4.1",
        "tsd": "^0.33.0",
        "xo": "^1.2.3"
      },
      "engines": {
        "node": ">=12"
      },
      "funding": {
        "url": "https://github.com/chalk/strip-ansi?sponsor=1"
      }
    },
    "../../../mengao/experiments/hyperframes-v1/node_modules/tiny-inflate": {
      "version": "1.0.3",
      "extraneous": true,
      "license": "MIT",
      "devDependencies": {
        "mocha": "^2.1.0"
      }
    },
    "../../../mengao/experiments/hyperframes-v1/node_modules/tslib": {
      "version": "2.8.1",
      "extraneous": true,
      "license": "0BSD"
    },
    "../../../mengao/experiments/hyperframes-v1/node_modules/typed-query-selector": {
      "version": "2.12.3",
      "extraneous": true,
      "license": "MIT",
      "devDependencies": {
        "@gplane/tsconfig": "^6.3.0",
        "@type-challenges/utils": "^0.1.1",
        "@typescript/typescript6": "^6.0.2",
        "prettier": "~3.0.3",
        "typescript": "^7.0.2"
      }
    },
    "../../../mengao/experiments/hyperframes-v1/node_modules/unicode-properties": {
      "version": "1.4.1",
      "extraneous": true,
      "license": "MIT",
      "dependencies": {
        "base64-js": "^1.3.0",
        "unicode-trie": "^2.0.0"
      },
      "devDependencies": {
        "codepoints": "^1.3.0",
        "mocha": "^10.0.0",
        "parcel": "^2.6.1"
      }
    },
    "../../../mengao/experiments/hyperframes-v1/node_modules/unicode-trie": {
      "version": "2.0.0",
      "extraneous": true,
      "license": "MIT",
      "dependencies": {
        "pako": "^0.2.5",
        "tiny-inflate": "^1.0.0"
      },
      "devDependencies": {
        "mocha": "^6.1.4",
        "nyc": "^14.1.1"
      }
    },
    "../../../mengao/experiments/hyperframes-v1/node_modules/webdriver-bidi-protocol": {
      "version": "0.4.3",
      "extraneous": true,
      "license": "Apache-2.0",
      "devDependencies": {
        "@types/node": "^26.3.0",
        "parse5": "^8.0.1",
        "prettier": "3.9.6",
        "ts-morph": "28.0.0",
        "tsd": "0.33.0",
        "typescript": "6.0.3"
      }
    },
    "../../../mengao/experiments/hyperframes-v1/node_modules/wrap-ansi": {
      "version": "9.0.2",
      "extraneous": true,
      "license": "MIT",
      "dependencies": {
        "ansi-styles": "^6.2.1",
        "string-width": "^7.0.0",
        "strip-ansi": "^7.1.0"
      },
      "devDependencies": {
        "ava": "^5.3.1",
        "chalk": "^5.3.0",
        "coveralls": "^3.1.1",
        "has-ansi": "^5.0.1",
        "nyc": "^15.1.0",
        "tsd": "^0.29.0",
        "xo": "^0.56.0"
      },
      "engines": {
        "node": ">=18"
      },
      "funding": {
        "url": "https://github.com/chalk/wrap-ansi?sponsor=1"
      }
    },
    "../../../mengao/experiments/hyperframes-v1/node_modules/ws": {
      "version": "8.22.0",
      "extraneous": true,
      "license": "MIT",
      "devDependencies": {
        "@eslint/js": "^10.0.1",
        "benchmark": "^2.1.4",
        "bufferutil": "^4.0.1",
        "eslint": "^10.0.1",
        "eslint-config-prettier": "^10.0.1",
        "eslint-plugin-prettier": "^5.0.0",
        "globals": "^17.0.0",
        "mocha": "^8.4.0",
        "nyc": "^15.0.0",
        "prettier": "^3.0.0",
        "utf-8-validate": "^6.0.0"
      },
      "engines": {
        "node": ">=10.0.0"
      },
      "peerDependencies": {
        "bufferutil": "^4.0.1",
        "utf-8-validate": ">=5.0.2"
      },
      "peerDependenciesMeta": {
        "bufferutil": {
          "optional": true
        },
        "utf-8-validate": {
          "optional": true
        }
      }
    },
    "../../../mengao/experiments/hyperframes-v1/node_modules/wsl-utils": {
      "version": "0.1.0",
      "extraneous": true,
      "license": "MIT",
      "dependencies": {
        "is-wsl": "^3.1.0"
      },
      "devDependencies": {
        "ava": "^6.3.0",
        "typescript": "^5.8.3",
        "xo": "^1.0.0"
      },
      "engines": {
        "node": ">=18"
      },
      "funding": {
        "url": "https://github.com/sponsors/sindresorhus"
      }
    },
    "../../../mengao/experiments/hyperframes-v1/node_modules/y18n": {
      "version": "5.0.8",
      "extraneous": true,
      "license": "ISC",
      "devDependencies": {
        "@types/node": "^14.6.4",
        "@wessberg/rollup-plugin-ts": "^1.3.1",
        "c8": "^7.3.0",
        "chai": "^4.0.1",
        "cross-env": "^7.0.2",
        "gts": "^3.0.0",
        "mocha": "^8.0.0",
        "rimraf": "^3.0.2",
        "rollup": "^2.26.10",
        "standardx": "^7.0.0",
        "ts-transform-default-export": "^1.0.2",
        "typescript": "^4.0.0"
      },
      "engines": {
        "node": ">=10"
      }
    },
    "../../../mengao/experiments/hyperframes-v1/node_modules/yargs": {
      "version": "18.2.0",
      "extraneous": true,
      "license": "MIT",
      "dependencies": {
        "cliui": "^9.0.1",
        "escalade": "^3.1.1",
        "get-caller-file": "^2.0.5",
        "string-width": "^8.2.1",
        "y18n": "^5.0.5",
        "yargs-parser": "^22.0.0"
      },
      "devDependencies": {
        "@babel/eslint-parser": "^7.26.10",
        "@babel/preset-typescript": "^7.26.0",
        "@types/chai": "^5.2.3",
        "@types/mocha": "^9.0.0",
        "@types/node": "^20.0.0",
        "@typescript-eslint/eslint-plugin": "^8.26.1",
        "browserslist-generator": "^3.0.0",
        "c8": "^11.0.0",
        "chai": "^6.2.2",
        "chalk": "^5.6.2",
        "cpr": "^3.0.1",
        "cross-env": "^10.0.0",
        "cross-spawn": "^7.0.6",
        "eslint": "^8.57.1",
        "eslint-plugin-prettier": "^5.1.2",
        "gts": "^5.3.1",
        "hashish": "0.0.4",
        "mocha": "^11.7.6",
        "rimraf": "^3.0.2",
        "typescript": "^5.9.3",
        "which": "^2.0.2",
        "yargs-test-extends": "^1.0.1"
      },
      "engines": {
        "node": "^20.19.0 || ^22.12.0 || >=23"
      }
    },
    "../../../mengao/experiments/hyperframes-v1/node_modules/yargs-parser": {
      "version": "22.0.0",
      "extraneous": true,
      "license": "ISC",
      "devDependencies": {
        "@babel/eslint-parser": "^7.27.1",
        "@babel/preset-typescript": "^7.27.1",
        "@types/chai": "^5.2.1",
        "@types/mocha": "^10.0.10",
        "@types/node": "^22.15.3",
        "@typescript-eslint/eslint-plugin": "^8.29.1",
        "@typescript-eslint/parser": "^8.31.1",
        "c8": "^10.1.3",
        "chai": "^5.2.0",
        "cross-env": "^7.0.2",
        "eslint": "^8.57.1",
        "gts": "^5.3.1",
        "mocha": "^11.1.0",
        "puppeteer": "^24.6.1",
        "rimraf": "^6.0.1",
        "serve": "^14.0.0",
        "start-server-and-test": "^2.0.11",
        "typescript": "^5.8.3"
      },
      "engines": {
        "node": "^20.19.0 || ^22.12.0 || >=23"
      }
    },
    "../../../mengao/experiments/hyperframes-v1/node_modules/zod": {
      "version": "3.25.76",
      "extraneous": true,
      "license": "MIT",
      "funding": {
        "url": "https://github.com/sponsors/colinhacks"
      }
    },
    "node_modules/gsap": {
      "resolved": "../../../mengao/experiments/hyperframes-v1/node_modules/gsap",
      "link": true
    },
    "node_modules/hyperframes": {
      "resolved": "../../../mengao/experiments/hyperframes-v1/node_modules/hyperframes",
      "link": true
    }
  }
}
